
Microsoft Visual Studio Solution File, Format Version 12.00
# Visual Studio Version 17
VisualStudioVersion = 17.9.34622.214
MinimumVisualStudioVersion = 10.0.40219.1
Project("{FAE04EC0-301F-11D3-BF4B-00C04F79EFBC}") = "WebAPIFichasDomino", "WebAPIFichasDomino\WebAPIFichasDomino.csproj", "{4BFABC01-6A7A-4D47-A90A-EEB84CC03DD3}"
EndProject
Global
	GlobalSection(SolutionConfigurationPlatforms) = preSolution
		Debug|Any CPU = Debug|Any CPU
		Release|Any CPU = Release|Any CPU
	EndGlobalSection
	GlobalSection(ProjectConfigurationPlatforms) = postSolution
		{4BFABC01-6A7A-4D47-A90A-EEB84CC03DD3}.Debug|Any CPU.ActiveCfg = Debug|Any CPU
		{4BFABC01-6A7A-4D47-A90A-EEB84CC03DD3}.Debug|Any CPU.Build.0 = Debug|Any CPU
		{4BFABC01-6A7A-4D47-A90A-EEB84CC03DD3}.Release|Any CPU.ActiveCfg = Release|Any CPU
		{4BFABC01-6A7A-4D47-A90A-EEB84CC03DD3}.Release|Any CPU.Build.0 = Release|Any CPU
	EndGlobalSection
	GlobalSection(SolutionProperties) = preSolution
		HideSolutionNode = FALSE
	EndGlobalSection
	GlobalSection(ExtensibilityGlobals) = postSolution
		SolutionGuid = {D4F3E5CE-91BE-41F7-8F0E-F257BA8F18DA}
	EndGlobalSection
EndGlobal
